
Microsoft Visual Studio Solution File, Format Version 12.00
# Visual Studio 15
VisualStudioVersion = 15.0.26730.16
MinimumVisualStudioVersion = 10.0.40219.1
Project("{FAE04EC0-301F-11D3-BF4B-00C04F79EFBC}") = "PapyrusHome", "Papyrus\PapyrusHome.csproj", "{794EFC06-CF3A-4B71-948B-B4C76A3FE307}"
EndProject
Project("{FAE04EC0-301F-11D3-BF4B-00C04F79EFBC}") = "CmdManag", "ListBox\CmdManag.csproj", "{0A73CD28-A92B-44F5-9BAD-C8AB1524A9C7}"
EndProject
Project("{FAE04EC0-301F-11D3-BF4B-00C04F79EFBC}") = "UploadF", "UploadF\UploadF.csproj", "{46CEA7BA-A627-4949-AA82-0408D24F58B2}"
EndProject
Project("{FAE04EC0-301F-11D3-BF4B-00C04F79EFBC}") = "DllConnec", "dllConnec\DllConnec.csproj", "{49368453-2CE2-4C9D-A578-D7E1E0DD6953}"
EndProject
Global
	GlobalSection(SolutionConfigurationPlatforms) = preSolution
		Debug|Any CPU = Debug|Any CPU
		Release|Any CPU = Release|Any CPU
	EndGlobalSection
	GlobalSection(ProjectConfigurationPlatforms) = postSolution
		{794EFC06-CF3A-4B71-948B-B4C76A3FE307}.Debug|Any CPU.ActiveCfg = Debug|Any CPU
		{794EFC06-CF3A-4B71-948B-B4C76A3FE307}.Debug|Any CPU.Build.0 = Debug|Any CPU
		{794EFC06-CF3A-4B71-948B-B4C76A3FE307}.Release|Any CPU.ActiveCfg = Release|Any CPU
		{794EFC06-CF3A-4B71-948B-B4C76A3FE307}.Release|Any CPU.Build.0 = Release|Any CPU
		{0A73CD28-A92B-44F5-9BAD-C8AB1524A9C7}.Debug|Any CPU.ActiveCfg = Debug|Any CPU
		{0A73CD28-A92B-44F5-9BAD-C8AB1524A9C7}.Debug|Any CPU.Build.0 = Debug|Any CPU
		{0A73CD28-A92B-44F5-9BAD-C8AB1524A9C7}.Release|Any CPU.ActiveCfg = Release|Any CPU
		{0A73CD28-A92B-44F5-9BAD-C8AB1524A9C7}.Release|Any CPU.Build.0 = Release|Any CPU
		{46CEA7BA-A627-4949-AA82-0408D24F58B2}.Debug|Any CPU.ActiveCfg = Debug|Any CPU
		{46CEA7BA-A627-4949-AA82-0408D24F58B2}.Debug|Any CPU.Build.0 = Debug|Any CPU
		{46CEA7BA-A627-4949-AA82-0408D24F58B2}.Release|Any CPU.ActiveCfg = Release|Any CPU
		{46CEA7BA-A627-4949-AA82-0408D24F58B2}.Release|Any CPU.Build.0 = Release|Any CPU
		{49368453-2CE2-4C9D-A578-D7E1E0DD6953}.Debug|Any CPU.ActiveCfg = Debug|Any CPU
		{49368453-2CE2-4C9D-A578-D7E1E0DD6953}.Debug|Any CPU.Build.0 = Debug|Any CPU
		{49368453-2CE2-4C9D-A578-D7E1E0DD6953}.Release|Any CPU.ActiveCfg = Release|Any CPU
		{49368453-2CE2-4C9D-A578-D7E1E0DD6953}.Release|Any CPU.Build.0 = Release|Any CPU
	EndGlobalSection
	GlobalSection(SolutionProperties) = preSolution
		HideSolutionNode = FALSE
	EndGlobalSection
	GlobalSection(ExtensibilityGlobals) = postSolution
		SolutionGuid = {90D2D586-0BA7-4B96-8C13-CD61B1CB4853}
	EndGlobalSection
EndGlobal
